// !$*UTF8*$!
{
	archiveVersion = 1;
	classes = {
	};
	objectVersion = 46;
	objects = {

/* Begin PBXBuildFile section */
		476658D2A46286BC3170742D /* Pods_NicoDownloaderTests.framework in Frameworks */ = {isa = PBXBuildFile; fileRef = B2992436EA5924EDB8CFAADF /* Pods_NicoDownloaderTests.framework */; };
		571885081E821472007D6988 /* Arial Unicode.ttf in CopyFiles */ = {isa = PBXBuildFile; fileRef = 571885071E82146C007D6988 /* Arial Unicode.ttf */; };
		571E14FF1E8A80B5000963E3 /* TestUtil.swift in Sources */ = {isa = PBXBuildFile; fileRef = 571E14FE1E8A80B5000963E3 /* TestUtil.swift */; };
		572B875C1E332A79008BC5AE /* ProgressViewController+Tableview.swift in Sources */ = {isa = PBXBuildFile; fileRef = 572B875B1E332A79008BC5AE /* ProgressViewController+Tableview.swift */; };
		572B875E1E332AB3008BC5AE /* ProgressViewController+Download.swift in Sources */ = {isa = PBXBuildFile; fileRef = 572B875D1E332AB3008BC5AE /* ProgressViewController+Download.swift */; };
		57341F331E99D71C000D4502 /* CommentBurnerable.swift in Sources */ = {isa = PBXBuildFile; fileRef = 57341F321E99D71C000D4502 /* CommentBurnerable.swift */; };
		57341F351E99DABB000D4502 /* CommentBurnerViewController+ApplyComment.swift in Sources */ = {isa = PBXBuildFile; fileRef = 57341F341E99DABB000D4502 /* CommentBurnerViewController+ApplyComment.swift */; };
		5737478F1EA36AFF003A01C7 /* NSUserNotificationCenter+ShortenedDeliver.swift in Sources */ = {isa = PBXBuildFile; fileRef = 5737478E1EA36AFF003A01C7 /* NSUserNotificationCenter+ShortenedDeliver.swift */; };
		573B9A0D1E3DC755001C4F5D /* PowerManager.swift in Sources */ = {isa = PBXBuildFile; fileRef = 573B9A0C1E3DC755001C4F5D /* PowerManager.swift */; };
		5743817F25CD2BFF00E77340 /* ProgressViewController+NewApi.swift in Sources */ = {isa = PBXBuildFile; fileRef = 5743817E25CD2BFF00E77340 /* ProgressViewController+NewApi.swift */; };
		5752D03D1E9A52E8002753FF /* URL+Paths.swift in Sources */ = {isa = PBXBuildFile; fileRef = 5752D03C1E9A52E8002753FF /* URL+Paths.swift */; };
		575C68E11E683F7A00B56D34 /* Enum+Iterable.swift in Sources */ = {isa = PBXBuildFile; fileRef = 575C68E01E683F7A00B56D34 /* Enum+Iterable.swift */; };
		575D45CB1E3093B000F9E623 /* ProgressTableCellView.swift in Sources */ = {isa = PBXBuildFile; fileRef = 575D45CA1E3093B000F9E623 /* ProgressTableCellView.swift */; };
		575D45D11E30A80F00F9E623 /* Item.swift in Sources */ = {isa = PBXBuildFile; fileRef = 575D45D01E30A80F00F9E623 /* Item.swift */; };
		576FF7CD1E751B45008F11A2 /* ffprobe in Resources */ = {isa = PBXBuildFile; fileRef = 576FF7CC1E751B45008F11A2 /* ffprobe */; };
		577F8DA11E9242A300324C33 /* MimeType.swift in Sources */ = {isa = PBXBuildFile; fileRef = 577F8DA01E9242A300324C33 /* MimeType.swift */; };
		5784FDBB1E3075AC004BD160 /* AppDelegate.swift in Sources */ = {isa = PBXBuildFile; fileRef = 5784FDBA1E3075AC004BD160 /* AppDelegate.swift */; };
		5784FDBD1E3075AC004BD160 /* ViewController.swift in Sources */ = {isa = PBXBuildFile; fileRef = 5784FDBC1E3075AC004BD160 /* ViewController.swift */; };
		5784FDBF1E3075AC004BD160 /* Assets.xcassets in Resources */ = {isa = PBXBuildFile; fileRef = 5784FDBE1E3075AC004BD160 /* Assets.xcassets */; };
		5784FDC21E3075AC004BD160 /* Main.storyboard in Resources */ = {isa = PBXBuildFile; fileRef = 5784FDC01E3075AC004BD160 /* Main.storyboard */; };
		5784FDCD1E3075AC004BD160 /* NicoDownloaderTests.swift in Sources */ = {isa = PBXBuildFile; fileRef = 5784FDCC1E3075AC004BD160 /* NicoDownloaderTests.swift */; };
		5784FDD81E307B49004BD160 /* ProgressViewController.swift in Sources */ = {isa = PBXBuildFile; fileRef = 5784FDD71E307B49004BD160 /* ProgressViewController.swift */; };
		5785A8CB1F974D990025BB80 /* String+JSON.swift in Sources */ = {isa = PBXBuildFile; fileRef = 5785A8CA1F974D990025BB80 /* String+JSON.swift */; };
		5789E653216DB87E00ECEF21 /* rtmpdump in Resources */ = {isa = PBXBuildFile; fileRef = 5789E652216DB87E00ECEF21 /* rtmpdump */; };
		579253D61E6548780041E2C8 /* Comment.swift in Sources */ = {isa = PBXBuildFile; fileRef = 579253D51E6548780041E2C8 /* Comment.swift */; };
		57A337D31E84D546008AE550 /* String+UnicodeScalar.swift in Sources */ = {isa = PBXBuildFile; fileRef = 57A337D21E84D546008AE550 /* String+UnicodeScalar.swift */; };
		57A337D51E84D617008AE550 /* NSFont+Init.swift in Sources */ = {isa = PBXBuildFile; fileRef = 57A337D41E84D617008AE550 /* NSFont+Init.swift */; };
		57AA47C11E34633E006777CB /* ViewController+OpenDialog.swift in Sources */ = {isa = PBXBuildFile; fileRef = 57AA47C01E34633E006777CB /* ViewController+OpenDialog.swift */; };
		57B224EB1E8F58E3006E101A /* CommentBurnerViewController.swift in Sources */ = {isa = PBXBuildFile; fileRef = 57B224EA1E8F58E3006E101A /* CommentBurnerViewController.swift */; };
		57B224ED1E8F5B5D006E101A /* CommentBurnerViewController+TableView.swift in Sources */ = {isa = PBXBuildFile; fileRef = 57B224EC1E8F5B5D006E101A /* CommentBurnerViewController+TableView.swift */; };
		57C25CED1E69184800499029 /* NSColor+Hex.swift in Sources */ = {isa = PBXBuildFile; fileRef = 57C25CEC1E69184800499029 /* NSColor+Hex.swift */; };
		57C25CEF1E692FA900499029 /* ffmpeg in Resources */ = {isa = PBXBuildFile; fileRef = 57C25CEE1E692FA900499029 /* ffmpeg */; };
		57C25CF21E69309400499029 /* FFMpegUtil.swift in Sources */ = {isa = PBXBuildFile; fileRef = 57C25CF11E69309400499029 /* FFMpegUtil.swift */; };
		57DFC25B216DFEE100168FF5 /* NSTextCheckingResult+Groups.swift in Sources */ = {isa = PBXBuildFile; fileRef = 57DFC25A216DFEE100168FF5 /* NSTextCheckingResult+Groups.swift */; };
		57DFC25D216E1E1D00168FF5 /* ports in Resources */ = {isa = PBXBuildFile; fileRef = 57DFC25C216E1E1D00168FF5 /* ports */; };
		57EC4C2A1E7D570C00C1DE41 /* ヒラギノ角ゴシック W4.ttc in CopyFiles */ = {isa = PBXBuildFile; fileRef = 57EC4C291E7D56BA00C1DE41 /* ヒラギノ角ゴシック W4.ttc */; };
		57F30F711E30D40500BB2445 /* Metadata.swift in Sources */ = {isa = PBXBuildFile; fileRef = 57F30F701E30D40500BB2445 /* Metadata.swift */; };
		57F30F741E30E72D00BB2445 /* Date+XMLPubDate.swift in Sources */ = {isa = PBXBuildFile; fileRef = 57F30F731E30E72D00BB2445 /* Date+XMLPubDate.swift */; };
		57F341891E8F94CD00D90BF4 /* NSViewController+FileChooser.swift in Sources */ = {isa = PBXBuildFile; fileRef = 57F341881E8F94CD00D90BF4 /* NSViewController+FileChooser.swift */; };
		57F3418B1E8FC5B800D90BF4 /* Levenshtein.swift in Sources */ = {isa = PBXBuildFile; fileRef = 57F3418A1E8FC5B800D90BF4 /* Levenshtein.swift */; };
		6D9FE5F9E7119651CF4565BC /* Pods_NicoDownloader.framework in Frameworks */ = {isa = PBXBuildFile; fileRef = FD01B2271764A4CCDCB412AC /* Pods_NicoDownloader.framework */; };
/* End PBXBuildFile section */

/* Begin PBXContainerItemProxy section */
		5784FDC91E3075AC004BD160 /* PBXContainerItemProxy */ = {
			isa = PBXContainerItemProxy;
			containerPortal = 5784FDAF1E3075AB004BD160 /* Project object */;
			proxyType = 1;
			remoteGlobalIDString = 5784FDB61E3075AB004BD160;
			remoteInfo = NicoDownloader;
		};
/* End PBXContainerItemProxy section */

/* Begin PBXCopyFilesBuildPhase section */
		57F56EEC1E74C932002CB108 /* CopyFiles */ = {
			isa = PBXCopyFilesBuildPhase;
			buildActionMask = 2147483647;
			dstPath = Fonts;
			dstSubfolderSpec = 7;
			files = (
				57EC4C2A1E7D570C00C1DE41 /* ヒラギノ角ゴシック W4.ttc in CopyFiles */,
				571885081E821472007D6988 /* Arial Unicode.ttf in CopyFiles */,
			);
			runOnlyForDeploymentPostprocessing = 0;
		};
/* End PBXCopyFilesBuildPhase section */

/* Begin PBXFileReference section */
		571885071E82146C007D6988 /* Arial Unicode.ttf */ = {isa = PBXFileReference; lastKnownFileType = file; path = "Arial Unicode.ttf"; sourceTree = "<group>"; };
		571E14FE1E8A80B5000963E3 /* TestUtil.swift */ = {isa = PBXFileReference; fileEncoding = 4; lastKnownFileType = sourcecode.swift; path = TestUtil.swift; sourceTree = "<group>"; };
		572B875B1E332A79008BC5AE /* ProgressViewController+Tableview.swift */ = {isa = PBXFileReference; fileEncoding = 4; lastKnownFileType = sourcecode.swift; name = "ProgressViewController+Tableview.swift"; path = "NicoDownloader/Extensions/ProgressViewController+Tableview.swift"; sourceTree = SOURCE_ROOT; };
		572B875D1E332AB3008BC5AE /* ProgressViewController+Download.swift */ = {isa = PBXFileReference; fileEncoding = 4; lastKnownFileType = sourcecode.swift; name = "ProgressViewController+Download.swift"; path = "NicoDownloader/Extensions/ProgressViewController+Download.swift"; sourceTree = SOURCE_ROOT; };
		57341F321E99D71C000D4502 /* CommentBurnerable.swift */ = {isa = PBXFileReference; fileEncoding = 4; lastKnownFileType = sourcecode.swift; path = CommentBurnerable.swift; sourceTree = "<group>"; };
		57341F341E99DABB000D4502 /* CommentBurnerViewController+ApplyComment.swift */ = {isa = PBXFileReference; fileEncoding = 4; lastKnownFileType = sourcecode.swift; path = "CommentBurnerViewController+ApplyComment.swift"; sourceTree = "<group>"; };
		5737478E1EA36AFF003A01C7 /* NSUserNotificationCenter+ShortenedDeliver.swift */ = {isa = PBXFileReference; fileEncoding = 4; lastKnownFileType = sourcecode.swift; path = "NSUserNotificationCenter+ShortenedDeliver.swift"; sourceTree = "<group>"; };
		573B9A0C1E3DC755001C4F5D /* PowerManager.swift */ = {isa = PBXFileReference; fileEncoding = 4; lastKnownFileType = sourcecode.swift; path = PowerManager.swift; sourceTree = "<group>"; };
		5743817E25CD2BFF00E77340 /* ProgressViewController+NewApi.swift */ = {isa = PBXFileReference; lastKnownFileType = sourcecode.swift; path = "ProgressViewController+NewApi.swift"; sourceTree = "<group>"; };
		5752D03C1E9A52E8002753FF /* URL+Paths.swift */ = {isa = PBXFileReference; fileEncoding = 4; lastKnownFileType = sourcecode.swift; path = "URL+Paths.swift"; sourceTree = "<group>"; };
		575C68E01E683F7A00B56D34 /* Enum+Iterable.swift */ = {isa = PBXFileReference; fileEncoding = 4; lastKnownFileType = sourcecode.swift; path = "Enum+Iterable.swift"; sourceTree = "<group>"; };
		575D45CA1E3093B000F9E623 /* ProgressTableCellView.swift */ = {isa = PBXFileReference; fileEncoding = 4; lastKnownFileType = sourcecode.swift; path = ProgressTableCellView.swift; sourceTree = "<group>"; };
		575D45D01E30A80F00F9E623 /* Item.swift */ = {isa = PBXFileReference; fileEncoding = 4; lastKnownFileType = sourcecode.swift; name = Item.swift; path = Models/Item.swift; sourceTree = "<group>"; };
		576FF7CC1E751B45008F11A2 /* ffprobe */ = {isa = PBXFileReference; lastKnownFileType = "compiled.mach-o.executable"; path = ffprobe; sourceTree = "<group>"; };
		577F8DA01E9242A300324C33 /* MimeType.swift */ = {isa = PBXFileReference; fileEncoding = 4; lastKnownFileType = sourcecode.swift; path = MimeType.swift; sourceTree = "<group>"; };
		5784FDB71E3075AB004BD160 /* NicoDownloader.app */ = {isa = PBXFileReference; explicitFileType = wrapper.application; includeInIndex = 0; path = NicoDownloader.app; sourceTree = BUILT_PRODUCTS_DIR; };
		5784FDBA1E3075AC004BD160 /* AppDelegate.swift */ = {isa = PBXFileReference; lastKnownFileType = sourcecode.swift; path = AppDelegate.swift; sourceTree = "<group>"; };
		5784FDBC1E3075AC004BD160 /* ViewController.swift */ = {isa = PBXFileReference; lastKnownFileType = sourcecode.swift; path = ViewController.swift; sourceTree = "<group>"; };
		5784FDBE1E3075AC004BD160 /* Assets.xcassets */ = {isa = PBXFileReference; lastKnownFileType = folder.assetcatalog; path = Assets.xcassets; sourceTree = "<group>"; };
		5784FDC11E3075AC004BD160 /* Base */ = {isa = PBXFileReference; lastKnownFileType = file.storyboard; name = Base; path = Base.lproj/Main.storyboard; sourceTree = "<group>"; };
		5784FDC31E3075AC004BD160 /* Info.plist */ = {isa = PBXFileReference; lastKnownFileType = text.plist.xml; path = Info.plist; sourceTree = "<group>"; };
		5784FDC81E3075AC004BD160 /* NicoDownloaderTests.xctest */ = {isa = PBXFileReference; explicitFileType = wrapper.cfbundle; includeInIndex = 0; path = NicoDownloaderTests.xctest; sourceTree = BUILT_PRODUCTS_DIR; };
		5784FDCC1E3075AC004BD160 /* NicoDownloaderTests.swift */ = {isa = PBXFileReference; lastKnownFileType = sourcecode.swift; path = NicoDownloaderTests.swift; sourceTree = "<group>"; };
		5784FDCE1E3075AC004BD160 /* Info.plist */ = {isa = PBXFileReference; lastKnownFileType = text.plist.xml; path = Info.plist; sourceTree = "<group>"; };
		5784FDD71E307B49004BD160 /* ProgressViewController.swift */ = {isa = PBXFileReference; fileEncoding = 4; lastKnownFileType = sourcecode.swift; path = ProgressViewController.swift; sourceTree = "<group>"; };
		5785A8CA1F974D990025BB80 /* String+JSON.swift */ = {isa = PBXFileReference; lastKnownFileType = sourcecode.swift; path = "String+JSON.swift"; sourceTree = "<group>"; };
		5789E652216DB87E00ECEF21 /* rtmpdump */ = {isa = PBXFileReference; lastKnownFileType = "compiled.mach-o.executable"; path = rtmpdump; sourceTree = "<group>"; };
		579253D51E6548780041E2C8 /* Comment.swift */ = {isa = PBXFileReference; fileEncoding = 4; lastKnownFileType = sourcecode.swift; path = Comment.swift; sourceTree = "<group>"; };
		57A337D21E84D546008AE550 /* String+UnicodeScalar.swift */ = {isa = PBXFileReference; fileEncoding = 4; lastKnownFileType = sourcecode.swift; path = "String+UnicodeScalar.swift"; sourceTree = "<group>"; };
		57A337D41E84D617008AE550 /* NSFont+Init.swift */ = {isa = PBXFileReference; fileEncoding = 4; lastKnownFileType = sourcecode.swift; path = "NSFont+Init.swift"; sourceTree = "<group>"; };
		57AA47C01E34633E006777CB /* ViewController+OpenDialog.swift */ = {isa = PBXFileReference; fileEncoding = 4; lastKnownFileType = sourcecode.swift; name = "ViewController+OpenDialog.swift"; path = "NicoDownloader/Extensions/ViewController+OpenDialog.swift"; sourceTree = SOURCE_ROOT; };
		57B224EA1E8F58E3006E101A /* CommentBurnerViewController.swift */ = {isa = PBXFileReference; fileEncoding = 4; lastKnownFileType = sourcecode.swift; path = CommentBurnerViewController.swift; sourceTree = "<group>"; };
		57B224EC1E8F5B5D006E101A /* CommentBurnerViewController+TableView.swift */ = {isa = PBXFileReference; fileEncoding = 4; lastKnownFileType = sourcecode.swift; path = "CommentBurnerViewController+TableView.swift"; sourceTree = "<group>"; };
		57C25CEC1E69184800499029 /* NSColor+Hex.swift */ = {isa = PBXFileReference; fileEncoding = 4; lastKnownFileType = sourcecode.swift; path = "NSColor+Hex.swift"; sourceTree = "<group>"; };
		57C25CEE1E692FA900499029 /* ffmpeg */ = {isa = PBXFileReference; lastKnownFileType = "compiled.mach-o.executable"; path = ffmpeg; sourceTree = "<group>"; };
		57C25CF11E69309400499029 /* FFMpegUtil.swift */ = {isa = PBXFileReference; fileEncoding = 4; lastKnownFileType = sourcecode.swift; path = FFMpegUtil.swift; sourceTree = "<group>"; };
		57DFC25A216DFEE100168FF5 /* NSTextCheckingResult+Groups.swift */ = {isa = PBXFileReference; lastKnownFileType = sourcecode.swift; path = "NSTextCheckingResult+Groups.swift"; sourceTree = "<group>"; };
		57DFC25C216E1E1D00168FF5 /* ports */ = {isa = PBXFileReference; fileEncoding = 4; lastKnownFileType = text; path = ports; sourceTree = "<group>"; };
		57EC4C291E7D56BA00C1DE41 /* ヒラギノ角ゴシック W4.ttc */ = {isa = PBXFileReference; lastKnownFileType = file; path = "ヒラギノ角ゴシック W4.ttc"; sourceTree = "<group>"; };
		57F30F701E30D40500BB2445 /* Metadata.swift */ = {isa = PBXFileReference; fileEncoding = 4; lastKnownFileType = sourcecode.swift; path = Metadata.swift; sourceTree = "<group>"; };
		57F30F731E30E72D00BB2445 /* Date+XMLPubDate.swift */ = {isa = PBXFileReference; fileEncoding = 4; lastKnownFileType = sourcecode.swift; name = "Date+XMLPubDate.swift"; path = "NicoDownloader/Extensions/Date+XMLPubDate.swift"; sourceTree = SOURCE_ROOT; };
		57F341881E8F94CD00D90BF4 /* NSViewController+FileChooser.swift */ = {isa = PBXFileReference; fileEncoding = 4; lastKnownFileType = sourcecode.swift; path = "NSViewController+FileChooser.swift"; sourceTree = "<group>"; };
		57F3418A1E8FC5B800D90BF4 /* Levenshtein.swift */ = {isa = PBXFileReference; fileEncoding = 4; lastKnownFileType = sourcecode.swift; path = Levenshtein.swift; sourceTree = "<group>"; };
		B271A42538ECAC7DDF04181C /* Pods-NicoDownloader.debug.xcconfig */ = {isa = PBXFileReference; includeInIndex = 1; lastKnownFileType = text.xcconfig; name = "Pods-NicoDownloader.debug.xcconfig"; path = "Pods/Target Support Files/Pods-NicoDownloader/Pods-NicoDownloader.debug.xcconfig"; sourceTree = "<group>"; };
		B2992436EA5924EDB8CFAADF /* Pods_NicoDownloaderTests.framework */ = {isa = PBXFileReference; explicitFileType = wrapper.framework; includeInIndex = 0; path = Pods_NicoDownloaderTests.framework; sourceTree = BUILT_PRODUCTS_DIR; };
		BDF62ECA7FC02A783FBB742D /* Pods-NicoDownloader.release.xcconfig */ = {isa = PBXFileReference; includeInIndex = 1; lastKnownFileType = text.xcconfig; name = "Pods-NicoDownloader.release.xcconfig"; path = "Pods/Target Support Files/Pods-NicoDownloader/Pods-NicoDownloader.release.xcconfig"; sourceTree = "<group>"; };
		CC81E39B21823570759A7753 /* Pods-NicoDownloaderTests.release.xcconfig */ = {isa = PBXFileReference; includeInIndex = 1; lastKnownFileType = text.xcconfig; name = "Pods-NicoDownloaderTests.release.xcconfig"; path = "Pods/Target Support Files/Pods-NicoDownloaderTests/Pods-NicoDownloaderTests.release.xcconfig"; sourceTree = "<group>"; };
		DBEF25E4D2C0D4891399B946 /* Pods-NicoDownloaderTests.debug.xcconfig */ = {isa = PBXFileReference; includeInIndex = 1; lastKnownFileType = text.xcconfig; name = "Pods-NicoDownloaderTests.debug.xcconfig"; path = "Pods/Target Support Files/Pods-NicoDownloaderTests/Pods-NicoDownloaderTests.debug.xcconfig"; sourceTree = "<group>"; };
		FD01B2271764A4CCDCB412AC /* Pods_NicoDownloader.framework */ = {isa = PBXFileReference; explicitFileType = wrapper.framework; includeInIndex = 0; path = Pods_NicoDownloader.framework; sourceTree = BUILT_PRODUCTS_DIR; };
/* End PBXFileReference section */

/* Begin PBXFrameworksBuildPhase section */
		5784FDB41E3075AB004BD160 /* Frameworks */ = {
			isa = PBXFrameworksBuildPhase;
			buildActionMask = 2147483647;
			files = (
				6D9FE5F9E7119651CF4565BC /* Pods_NicoDownloader.framework in Frameworks */,
			);
			runOnlyForDeploymentPostprocessing = 0;
		};
		5784FDC51E3075AC004BD160 /* Frameworks */ = {
			isa = PBXFrameworksBuildPhase;
			buildActionMask = 2147483647;
			files = (
				476658D2A46286BC3170742D /* Pods_NicoDownloaderTests.framework in Frameworks */,
			);
			runOnlyForDeploymentPostprocessing = 0;
		};
/* End PBXFrameworksBuildPhase section */

/* Begin PBXGroup section */
		4E1F20C532B381B6F9115534 /* Frameworks */ = {
			isa = PBXGroup;
			children = (
				FD01B2271764A4CCDCB412AC /* Pods_NicoDownloader.framework */,
				B2992436EA5924EDB8CFAADF /* Pods_NicoDownloaderTests.framework */,
			);
			name = Frameworks;
			sourceTree = "<group>";
		};
		573B9A0A1E3DC731001C4F5D /* Utils */ = {
			isa = PBXGroup;
			children = (
				57F3418A1E8FC5B800D90BF4 /* Levenshtein.swift */,
				573B9A0C1E3DC755001C4F5D /* PowerManager.swift */,
				57C25CF11E69309400499029 /* FFMpegUtil.swift */,
				571E14FE1E8A80B5000963E3 /* TestUtil.swift */,
				577F8DA01E9242A300324C33 /* MimeType.swift */,
			);
			path = Utils;
			sourceTree = "<group>";
		};
		575D45CC1E30A6A500F9E623 /* ViewControllers */ = {
			isa = PBXGroup;
			children = (
				5784FDBC1E3075AC004BD160 /* ViewController.swift */,
				5784FDD71E307B49004BD160 /* ProgressViewController.swift */,
				57B224EA1E8F58E3006E101A /* CommentBurnerViewController.swift */,
			);
			path = ViewControllers;
			sourceTree = "<group>";
		};
		575D45CD1E30A6F900F9E623 /* UI */ = {
			isa = PBXGroup;
			children = (
				575D45CA1E3093B000F9E623 /* ProgressTableCellView.swift */,
			);
			path = UI;
			sourceTree = "<group>";
		};
		575D45CF1E30A76A00F9E623 /* Models */ = {
			isa = PBXGroup;
			children = (
				575D45D01E30A80F00F9E623 /* Item.swift */,
				57F30F701E30D40500BB2445 /* Metadata.swift */,
				579253D51E6548780041E2C8 /* Comment.swift */,
			);
			name = Models;
			sourceTree = "<group>";
		};
		5784FDAE1E3075AB004BD160 = {
			isa = PBXGroup;
			children = (
				5784FDB91E3075AB004BD160 /* NicoDownloader */,
				5784FDCB1E3075AC004BD160 /* NicoDownloaderTests */,
				57C25CF01E692FB400499029 /* Resources */,
				5784FDB81E3075AB004BD160 /* Products */,
				62735FCEE1078E1C40D2B29C /* Pods */,
				4E1F20C532B381B6F9115534 /* Frameworks */,
			);
			sourceTree = "<group>";
		};
		5784FDB81E3075AB004BD160 /* Products */ = {
			isa = PBXGroup;
			children = (
				5784FDB71E3075AB004BD160 /* NicoDownloader.app */,
				5784FDC81E3075AC004BD160 /* NicoDownloaderTests.xctest */,
			);
			name = Products;
			sourceTree = "<group>";
		};
		5784FDB91E3075AB004BD160 /* NicoDownloader */ = {
			isa = PBXGroup;
			children = (
				573B9A0A1E3DC731001C4F5D /* Utils */,
				57F30F721E30E6DC00BB2445 /* Extensions */,
				575D45CF1E30A76A00F9E623 /* Models */,
				575D45CD1E30A6F900F9E623 /* UI */,
				575D45CC1E30A6A500F9E623 /* ViewControllers */,
				5784FDBA1E3075AC004BD160 /* AppDelegate.swift */,
				5784FDBE1E3075AC004BD160 /* Assets.xcassets */,
				5784FDC01E3075AC004BD160 /* Main.storyboard */,
				5784FDC31E3075AC004BD160 /* Info.plist */,
			);
			path = NicoDownloader;
			sourceTree = "<group>";
		};
		5784FDCB1E3075AC004BD160 /* NicoDownloaderTests */ = {
			isa = PBXGroup;
			children = (
				5784FDCC1E3075AC004BD160 /* NicoDownloaderTests.swift */,
				5784FDCE1E3075AC004BD160 /* Info.plist */,
			);
			path = NicoDownloaderTests;
			sourceTree = "<group>";
		};
		57C25CF01E692FB400499029 /* Resources */ = {
			isa = PBXGroup;
			children = (
				5789E652216DB87E00ECEF21 /* rtmpdump */,
				57C25CEE1E692FA900499029 /* ffmpeg */,
				576FF7CC1E751B45008F11A2 /* ffprobe */,
				57DFC25C216E1E1D00168FF5 /* ports */,
				571885071E82146C007D6988 /* Arial Unicode.ttf */,
				57EC4C291E7D56BA00C1DE41 /* ヒラギノ角ゴシック W4.ttc */,
			);
			path = Resources;
			sourceTree = "<group>";
		};
		57F30F721E30E6DC00BB2445 /* Extensions */ = {
			isa = PBXGroup;
			children = (
				57F30F731E30E72D00BB2445 /* Date+XMLPubDate.swift */,
				572B875B1E332A79008BC5AE /* ProgressViewController+Tableview.swift */,
				572B875D1E332AB3008BC5AE /* ProgressViewController+Download.swift */,
				57AA47C01E34633E006777CB /* ViewController+OpenDialog.swift */,
				57C25CEC1E69184800499029 /* NSColor+Hex.swift */,
				575C68E01E683F7A00B56D34 /* Enum+Iterable.swift */,
				57A337D21E84D546008AE550 /* String+UnicodeScalar.swift */,
				57A337D41E84D617008AE550 /* NSFont+Init.swift */,
				57F341881E8F94CD00D90BF4 /* NSViewController+FileChooser.swift */,
				57B224EC1E8F5B5D006E101A /* CommentBurnerViewController+TableView.swift */,
				57341F321E99D71C000D4502 /* CommentBurnerable.swift */,
				57341F341E99DABB000D4502 /* CommentBurnerViewController+ApplyComment.swift */,
				5752D03C1E9A52E8002753FF /* URL+Paths.swift */,
				5737478E1EA36AFF003A01C7 /* NSUserNotificationCenter+ShortenedDeliver.swift */,
				5785A8CA1F974D990025BB80 /* String+JSON.swift */,
				57DFC25A216DFEE100168FF5 /* NSTextCheckingResult+Groups.swift */,
				5743817E25CD2BFF00E77340 /* ProgressViewController+NewApi.swift */,
			);
			path = Extensions;
			sourceTree = "<group>";
		};
		62735FCEE1078E1C40D2B29C /* Pods */ = {
			isa = PBXGroup;
			children = (
				B271A42538ECAC7DDF04181C /* Pods-NicoDownloader.debug.xcconfig */,
				BDF62ECA7FC02A783FBB742D /* Pods-NicoDownloader.release.xcconfig */,
				DBEF25E4D2C0D4891399B946 /* Pods-NicoDownloaderTests.debug.xcconfig */,
				CC81E39B21823570759A7753 /* Pods-NicoDownloaderTests.release.xcconfig */,
			);
			name = Pods;
			sourceTree = "<group>";
		};
/* End PBXGroup section */

/* Begin PBXNativeTarget section */
		5784FDB61E3075AB004BD160 /* NicoDownloader */ = {
			isa = PBXNativeTarget;
			buildConfigurationList = 5784FDD11E3075AC004BD160 /* Build configuration list for PBXNativeTarget "NicoDownloader" */;
			buildPhases = (
				46AA4BD20C8A645BB0634F6C /* [CP] Check Pods Manifest.lock */,
				5784FDB31E3075AB004BD160 /* Sources */,
				5784FDB41E3075AB004BD160 /* Frameworks */,
				5784FDB51E3075AB004BD160 /* Resources */,
				A628445F036677BE2AF87BCA /* [CP] Embed Pods Frameworks */,
				57F56EEC1E74C932002CB108 /* CopyFiles */,
			);
			buildRules = (
			);
			dependencies = (
			);
			name = NicoDownloader;
			productName = NicoDownloader;
			productReference = 5784FDB71E3075AB004BD160 /* NicoDownloader.app */;
			productType = "com.apple.product-type.application";
		};
		5784FDC71E3075AC004BD160 /* NicoDownloaderTests */ = {
			isa = PBXNativeTarget;
			buildConfigurationList = 5784FDD41E3075AC004BD160 /* Build configuration list for PBXNativeTarget "NicoDownloaderTests" */;
			buildPhases = (
				22CD59AAD3E4050CCE75F053 /* [CP] Check Pods Manifest.lock */,
				5784FDC41E3075AC004BD160 /* Sources */,
				5784FDC51E3075AC004BD160 /* Frameworks */,
				5784FDC61E3075AC004BD160 /* Resources */,
			);
			buildRules = (
			);
			dependencies = (
				5784FDCA1E3075AC004BD160 /* PBXTargetDependency */,
			);
			name = NicoDownloaderTests;
			productName = NicoDownloaderTests;
			productReference = 5784FDC81E3075AC004BD160 /* NicoDownloaderTests.xctest */;
			productType = "com.apple.product-type.bundle.unit-test";
		};
/* End PBXNativeTarget section */

/* Begin PBXProject section */
		5784FDAF1E3075AB004BD160 /* Project object */ = {
			isa = PBXProject;
			attributes = {
				LastSwiftUpdateCheck = 0820;
				LastUpgradeCheck = 0830;
				ORGANIZATIONNAME = Jeong;
				TargetAttributes = {
					5784FDB61E3075AB004BD160 = {
						CreatedOnToolsVersion = 8.2.1;
						DevelopmentTeam = MLP3L3AX37;
						ProvisioningStyle = Automatic;
					};
					5784FDC71E3075AC004BD160 = {
						CreatedOnToolsVersion = 8.2.1;
						DevelopmentTeam = MLP3L3AX37;
						ProvisioningStyle = Automatic;
						TestTargetID = 5784FDB61E3075AB004BD160;
					};
				};
			};
			buildConfigurationList = 5784FDB21E3075AB004BD160 /* Build configuration list for PBXProject "NicoDownloader" */;
			compatibilityVersion = "Xcode 3.2";
			developmentRegion = English;
			hasScannedForEncodings = 0;
			knownRegions = (
				English,
				en,
				Base,
			);
			mainGroup = 5784FDAE1E3075AB004BD160;
			productRefGroup = 5784FDB81E3075AB004BD160 /* Products */;
			projectDirPath = "";
			projectRoot = "";
			targets = (
				5784FDB61E3075AB004BD160 /* NicoDownloader */,
				5784FDC71E3075AC004BD160 /* NicoDownloaderTests */,
			);
		};
/* End PBXProject section */

/* Begin PBXResourcesBuildPhase section */
		5784FDB51E3075AB004BD160 /* Resources */ = {
			isa = PBXResourcesBuildPhase;
			buildActionMask = 2147483647;
			files = (
				5784FDBF1E3075AC004BD160 /* Assets.xcassets in Resources */,
				5784FDC21E3075AC004BD160 /* Main.storyboard in Resources */,
				57C25CEF1E692FA900499029 /* ffmpeg in Resources */,
				57DFC25D216E1E1D00168FF5 /* ports in Resources */,
				576FF7CD1E751B45008F11A2 /* ffprobe in Resources */,
				5789E653216DB87E00ECEF21 /* rtmpdump in Resources */,
			);
			runOnlyForDeploymentPostprocessing = 0;
		};
		5784FDC61E3075AC004BD160 /* Resources */ = {
			isa = PBXResourcesBuildPhase;
			buildActionMask = 2147483647;
			files = (
			);
			runOnlyForDeploymentPostprocessing = 0;
		};
/* End PBXResourcesBuildPhase section */

/* Begin PBXShellScriptBuildPhase section */
		22CD59AAD3E4050CCE75F053 /* [CP] Check Pods Manifest.lock */ = {
			isa = PBXShellScriptBuildPhase;
			buildActionMask = 2147483647;
			files = (
			);
			inputPaths = (
				"${PODS_PODFILE_DIR_PATH}/Podfile.lock",
				"${PODS_ROOT}/Manifest.lock",
			);
			name = "[CP] Check Pods Manifest.lock";
			outputPaths = (
				"$(DERIVED_FILE_DIR)/Pods-NicoDownloaderTests-checkManifestLockResult.txt",
			);
			runOnlyForDeploymentPostprocessing = 0;
			shellPath = /bin/sh;
			shellScript = "diff \"${PODS_PODFILE_DIR_PATH}/Podfile.lock\" \"${PODS_ROOT}/Manifest.lock\" > /dev/null\nif [ $? != 0 ] ; then\n    # print error to STDERR\n    echo \"error: The sandbox is not in sync with the Podfile.lock. Run 'pod install' or update your CocoaPods installation.\" >&2\n    exit 1\nfi\n# This output is used by Xcode 'outputs' to avoid re-running this script phase.\necho \"SUCCESS\" > \"${SCRIPT_OUTPUT_FILE_0}\"\n";
			showEnvVarsInLog = 0;
		};
		46AA4BD20C8A645BB0634F6C /* [CP] Check Pods Manifest.lock */ = {
			isa = PBXShellScriptBuildPhase;
			buildActionMask = 2147483647;
			files = (
			);
			inputPaths = (
				"${PODS_PODFILE_DIR_PATH}/Podfile.lock",
				"${PODS_ROOT}/Manifest.lock",
			);
			name = "[CP] Check Pods Manifest.lock";
			outputPaths = (
				"$(DERIVED_FILE_DIR)/Pods-NicoDownloader-checkManifestLockResult.txt",
			);
			runOnlyForDeploymentPostprocessing = 0;
			shellPath = /bin/sh;
			shellScript = "diff \"${PODS_PODFILE_DIR_PATH}/Podfile.lock\" \"${PODS_ROOT}/Manifest.lock\" > /dev/null\nif [ $? != 0 ] ; then\n    # print error to STDERR\n    echo \"error: The sandbox is not in sync with the Podfile.lock. Run 'pod install' or update your CocoaPods installation.\" >&2\n    exit 1\nfi\n# This output is used by Xcode 'outputs' to avoid re-running this script phase.\necho \"SUCCESS\" > \"${SCRIPT_OUTPUT_FILE_0}\"\n";
			showEnvVarsInLog = 0;
		};
		A628445F036677BE2AF87BCA /* [CP] Embed Pods Frameworks */ = {
			isa = PBXShellScriptBuildPhase;
			buildActionMask = 2147483647;
			files = (
			);
			inputPaths = (
				"${PODS_ROOT}/Target Support Files/Pods-NicoDownloader/Pods-NicoDownloader-frameworks.sh",
				"${BUILT_PRODUCTS_DIR}/Alamofire/Alamofire.framework",
				"${BUILT_PRODUCTS_DIR}/Kanna/Kanna.framework",
				"${BUILT_PRODUCTS_DIR}/KeychainAccess/KeychainAccess.framework",
				"${BUILT_PRODUCTS_DIR}/PromiseKit/PromiseKit.framework",
				"${BUILT_PRODUCTS_DIR}/SwiftSoup/SwiftSoup.framework",
				"${BUILT_PRODUCTS_DIR}/SwiftyJSON/SwiftyJSON.framework",
			);
			name = "[CP] Embed Pods Frameworks";
			outputPaths = (
				"${TARGET_BUILD_DIR}/${FRAMEWORKS_FOLDER_PATH}/Alamofire.framework",
				"${TARGET_BUILD_DIR}/${FRAMEWORKS_FOLDER_PATH}/Kanna.framework",
				"${TARGET_BUILD_DIR}/${FRAMEWORKS_FOLDER_PATH}/KeychainAccess.framework",
				"${TARGET_BUILD_DIR}/${FRAMEWORKS_FOLDER_PATH}/PromiseKit.framework",
				"${TARGET_BUILD_DIR}/${FRAMEWORKS_FOLDER_PATH}/SwiftSoup.framework",
				"${TARGET_BUILD_DIR}/${FRAMEWORKS_FOLDER_PATH}/SwiftyJSON.framework",
			);
			runOnlyForDeploymentPostprocessing = 0;
			shellPath = /bin/sh;
			shellScript = "\"${PODS_ROOT}/Target Support Files/Pods-NicoDownloader/Pods-NicoDownloader-frameworks.sh\"\n";
			showEnvVarsInLog = 0;
		};
/* End PBXShellScriptBuildPhase section */

/* Begin PBXSourcesBuildPhase section */
		5784FDB31E3075AB004BD160 /* Sources */ = {
			isa = PBXSourcesBuildPhase;
			buildActionMask = 2147483647;
			files = (
				572B875C1E332A79008BC5AE /* ProgressViewController+Tableview.swift in Sources */,
				57A337D51E84D617008AE550 /* NSFont+Init.swift in Sources */,
				5752D03D1E9A52E8002753FF /* URL+Paths.swift in Sources */,
				57C25CED1E69184800499029 /* NSColor+Hex.swift in Sources */,
				575D45D11E30A80F00F9E623 /* Item.swift in Sources */,
				57B224ED1E8F5B5D006E101A /* CommentBurnerViewController+TableView.swift in Sources */,
				5784FDD81E307B49004BD160 /* ProgressViewController.swift in Sources */,
				57A337D31E84D546008AE550 /* String+UnicodeScalar.swift in Sources */,
				577F8DA11E9242A300324C33 /* MimeType.swift in Sources */,
				573B9A0D1E3DC755001C4F5D /* PowerManager.swift in Sources */,
				57341F351E99DABB000D4502 /* CommentBurnerViewController+ApplyComment.swift in Sources */,
				5743817F25CD2BFF00E77340 /* ProgressViewController+NewApi.swift in Sources */,
				5737478F1EA36AFF003A01C7 /* NSUserNotificationCenter+ShortenedDeliver.swift in Sources */,
				5785A8CB1F974D990025BB80 /* String+JSON.swift in Sources */,
				57F30F741E30E72D00BB2445 /* Date+XMLPubDate.swift in Sources */,
				57F3418B1E8FC5B800D90BF4 /* Levenshtein.swift in Sources */,
				57B224EB1E8F58E3006E101A /* CommentBurnerViewController.swift in Sources */,
				5784FDBD1E3075AC004BD160 /* ViewController.swift in Sources */,
				575D45CB1E3093B000F9E623 /* ProgressTableCellView.swift in Sources */,
				57DFC25B216DFEE100168FF5 /* NSTextCheckingResult+Groups.swift in Sources */,
				579253D61E6548780041E2C8 /* Comment.swift in Sources */,
				57341F331E99D71C000D4502 /* CommentBurnerable.swift in Sources */,
				5784FDBB1E3075AC004BD160 /* AppDelegate.swift in Sources */,
				575C68E11E683F7A00B56D34 /* Enum+Iterable.swift in Sources */,
				571E14FF1E8A80B5000963E3 /* TestUtil.swift in Sources */,
				57C25CF21E69309400499029 /* FFMpegUtil.swift in Sources */,
				57F30F711E30D40500BB2445 /* Metadata.swift in Sources */,
				57AA47C11E34633E006777CB /* ViewController+OpenDialog.swift in Sources */,
				57F341891E8F94CD00D90BF4 /* NSViewController+FileChooser.swift in Sources */,
				572B875E1E332AB3008BC5AE /* ProgressViewController+Download.swift in Sources */,
			);
			runOnlyForDeploymentPostprocessing = 0;
		};
		5784FDC41E3075AC004BD160 /* Sources */ = {
			isa = PBXSourcesBuildPhase;
			buildActionMask = 2147483647;
			files = (
				5784FDCD1E3075AC004BD160 /* NicoDownloaderTests.swift in Sources */,
			);
			runOnlyForDeploymentPostprocessing = 0;
		};
/* End PBXSourcesBuildPhase section */

/* Begin PBXTargetDependency section */
		5784FDCA1E3075AC004BD160 /* PBXTargetDependency */ = {
			isa = PBXTargetDependency;
			target = 5784FDB61E3075AB004BD160 /* NicoDownloader */;
			targetProxy = 5784FDC91E3075AC004BD160 /* PBXContainerItemProxy */;
		};
/* End PBXTargetDependency section */

/* Begin PBXVariantGroup section */
		5784FDC01E3075AC004BD160 /* Main.storyboard */ = {
			isa = PBXVariantGroup;
			children = (
				5784FDC11E3075AC004BD160 /* Base */,
			);
			name = Main.storyboard;
			sourceTree = "<group>";
		};
/* End PBXVariantGroup section */

/* Begin XCBuildConfiguration section */
		5784FDCF1E3075AC004BD160 /* Debug */ = {
			isa = XCBuildConfiguration;
			buildSettings = {
				ALWAYS_SEARCH_USER_PATHS = NO;
				CLANG_ANALYZER_NONNULL = YES;
				CLANG_CXX_LANGUAGE_STANDARD = "gnu++0x";
				CLANG_CXX_LIBRARY = "libc++";
				CLANG_ENABLE_MODULES = YES;
				CLANG_ENABLE_OBJC_ARC = YES;
				CLANG_WARN_BOOL_CONVERSION = YES;
				CLANG_WARN_CONSTANT_CONVERSION = YES;
				CLANG_WARN_DIRECT_OBJC_ISA_USAGE = YES_ERROR;
				CLANG_WARN_DOCUMENTATION_COMMENTS = YES;
				CLANG_WARN_EMPTY_BODY = YES;
				CLANG_WARN_ENUM_CONVERSION = YES;
				CLANG_WARN_INFINITE_RECURSION = YES;
				CLANG_WARN_INT_CONVERSION = YES;
				CLANG_WARN_OBJC_ROOT_CLASS = YES_ERROR;
				CLANG_WARN_SUSPICIOUS_MOVE = YES;
				CLANG_WARN_UNREACHABLE_CODE = YES;
				CLANG_WARN__DUPLICATE_METHOD_MATCH = YES;
				CODE_SIGN_IDENTITY = "-";
				COPY_PHASE_STRIP = NO;
				DEBUG_INFORMATION_FORMAT = dwarf;
				ENABLE_STRICT_OBJC_MSGSEND = YES;
				ENABLE_TESTABILITY = YES;
				GCC_C_LANGUAGE_STANDARD = gnu99;
				GCC_DYNAMIC_NO_PIC = NO;
				GCC_NO_COMMON_BLOCKS = YES;
				GCC_OPTIMIZATION_LEVEL = 0;
				GCC_PREPROCESSOR_DEFINITIONS = (
					"DEBUG=1",
					"$(inherited)",
				);
				GCC_WARN_64_TO_32_BIT_CONVERSION = YES;
				GCC_WARN_ABOUT_RETURN_TYPE = YES_ERROR;
				GCC_WARN_UNDECLARED_SELECTOR = YES;
				GCC_WARN_UNINITIALIZED_AUTOS = YES_AGGRESSIVE;
				GCC_WARN_UNUSED_FUNCTION = YES;
				GCC_WARN_UNUSED_VARIABLE = YES;
				MACOSX_DEPLOYMENT_TARGET = 10.12;
				MTL_ENABLE_DEBUG_INFO = YES;
				ONLY_ACTIVE_ARCH = YES;
				SDKROOT = macosx;
				SWIFT_ACTIVE_COMPILATION_CONDITIONS = DEBUG;
				SWIFT_OPTIMIZATION_LEVEL = "-Onone";
			};
			name = Debug;
		};
		5784FDD01E3075AC004BD160 /* Release */ = {
			isa = XCBuildConfiguration;
			buildSettings = {
				ALWAYS_SEARCH_USER_PATHS = NO;
				CLANG_ANALYZER_NONNULL = YES;
				CLANG_CXX_LANGUAGE_STANDARD = "gnu++0x";
				CLANG_CXX_LIBRARY = "libc++";
				CLANG_ENABLE_MODULES = YES;
				CLANG_ENABLE_OBJC_ARC = YES;
				CLANG_WARN_BOOL_CONVERSION = YES;
				CLANG_WARN_CONSTANT_CONVERSION = YES;
				CLANG_WARN_DIRECT_OBJC_ISA_USAGE = YES_ERROR;
				CLANG_WARN_DOCUMENTATION_COMMENTS = YES;
				CLANG_WARN_EMPTY_BODY = YES;
				CLANG_WARN_ENUM_CONVERSION = YES;
				CLANG_WARN_INFINITE_RECURSION = YES;
				CLANG_WARN_INT_CONVERSION = YES;
				CLANG_WARN_OBJC_ROOT_CLASS = YES_ERROR;
				CLANG_WARN_SUSPICIOUS_MOVE = YES;
				CLANG_WARN_UNREACHABLE_CODE = YES;
				CLANG_WARN__DUPLICATE_METHOD_MATCH = YES;
				CODE_SIGN_IDENTITY = "-";
				COPY_PHASE_STRIP = NO;
				DEBUG_INFORMATION_FORMAT = "dwarf-with-dsym";
				ENABLE_NS_ASSERTIONS = NO;
				ENABLE_STRICT_OBJC_MSGSEND = YES;
				GCC_C_LANGUAGE_STANDARD = gnu99;
				GCC_NO_COMMON_BLOCKS = YES;
				GCC_WARN_64_TO_32_BIT_CONVERSION = YES;
				GCC_WARN_ABOUT_RETURN_TYPE = YES_ERROR;
				GCC_WARN_UNDECLARED_SELECTOR = YES;
				GCC_WARN_UNINITIALIZED_AUTOS = YES_AGGRESSIVE;
				GCC_WARN_UNUSED_FUNCTION = YES;
				GCC_WARN_UNUSED_VARIABLE = YES;
				MACOSX_DEPLOYMENT_TARGET = 10.12;
				MTL_ENABLE_DEBUG_INFO = NO;
				SDKROOT = macosx;
				SWIFT_OPTIMIZATION_LEVEL = "-Owholemodule";
			};
			name = Release;
		};
		5784FDD21E3075AC004BD160 /* Debug */ = {
			isa = XCBuildConfiguration;
			baseConfigurationReference = B271A42538ECAC7DDF04181C /* Pods-NicoDownloader.debug.xcconfig */;
			buildSettings = {
				ALWAYS_EMBED_SWIFT_STANDARD_LIBRARIES = YES;
				ASSETCATALOG_COMPILER_APPICON_NAME = AppIcon;
				CODE_SIGN_IDENTITY = "Apple Development";
				CODE_SIGN_STYLE = Automatic;
				COMBINE_HIDPI_IMAGES = YES;
				CURRENT_PROJECT_VERSION = 5;
				DEVELOPMENT_TEAM = MLP3L3AX37;
				INFOPLIST_FILE = NicoDownloader/Info.plist;
				LD_RUNPATH_SEARCH_PATHS = "$(inherited) @executable_path/../Frameworks";
				MACOSX_DEPLOYMENT_TARGET = 10.13;
				MARKETING_VERSION = 1.2.0;
				PRODUCT_BUNDLE_IDENTIFIER = kr.blogspot.crowjdh.NicoDownloader;
				PRODUCT_NAME = "$(TARGET_NAME)";
				PROVISIONING_PROFILE_SPECIFIER = "";
				SWIFT_VERSION = 5.0;
			};
			name = Debug;
		};
		5784FDD31E3075AC004BD160 /* Release */ = {
			isa = XCBuildConfiguration;
			baseConfigurationReference = BDF62ECA7FC02A783FBB742D /* Pods-NicoDownloader.release.xcconfig */;
			buildSettings = {
				ALWAYS_EMBED_SWIFT_STANDARD_LIBRARIES = YES;
				ASSETCATALOG_COMPILER_APPICON_NAME = AppIcon;
				CODE_SIGN_IDENTITY = "Apple Development";
				CODE_SIGN_STYLE = Automatic;
				COMBINE_HIDPI_IMAGES = YES;
				CURRENT_PROJECT_VERSION = 5;
				DEVELOPMENT_TEAM = MLP3L3AX37;
				INFOPLIST_FILE = NicoDownloader/Info.plist;
				LD_RUNPATH_SEARCH_PATHS = "$(inherited) @executable_path/../Frameworks";
				MACOSX_DEPLOYMENT_TARGET = 10.13;
				MARKETING_VERSION = 1.2.0;
				PRODUCT_BUNDLE_IDENTIFIER = kr.blogspot.crowjdh.NicoDownloader;
				PRODUCT_NAME = "$(TARGET_NAME)";
				PROVISIONING_PROFILE_SPECIFIER = "";
				SWIFT_VERSION = 5.0;
			};
			name = Release;
		};
		5784FDD51E3075AC004BD160 /* Debug */ = {
			isa = XCBuildConfiguration;
			baseConfigurationReference = DBEF25E4D2C0D4891399B946 /* Pods-NicoDownloaderTests.debug.xcconfig */;
			buildSettings = {
				ALWAYS_EMBED_SWIFT_STANDARD_LIBRARIES = YES;
				BUNDLE_LOADER = "$(TEST_HOST)";
				COMBINE_HIDPI_IMAGES = YES;
				DEVELOPMENT_TEAM = MLP3L3AX37;
				INFOPLIST_FILE = NicoDownloaderTests/Info.plist;
				LD_RUNPATH_SEARCH_PATHS = "$(inherited) @executable_path/../Frameworks @loader_path/../Frameworks";
				PRODUCT_BUNDLE_IDENTIFIER = kr.blogspot.crowjdh.NicoDownloaderTests;
				PRODUCT_NAME = "$(TARGET_NAME)";
				SWIFT_VERSION = 3.0;
				TEST_HOST = "$(BUILT_PRODUCTS_DIR)/NicoDownloader.app/Contents/MacOS/NicoDownloader";
			};
			name = Debug;
		};
		5784FDD61E3075AC004BD160 /* Release */ = {
			isa = XCBuildConfiguration;
			baseConfigurationReference = CC81E39B21823570759A7753 /* Pods-NicoDownloaderTests.release.xcconfig */;
			buildSettings = {
				ALWAYS_EMBED_SWIFT_STANDARD_LIBRARIES = YES;
				BUNDLE_LOADER = "$(TEST_HOST)";
				COMBINE_HIDPI_IMAGES = YES;
				DEVELOPMENT_TEAM = MLP3L3AX37;
				INFOPLIST_FILE = NicoDownloaderTests/Info.plist;
				LD_RUNPATH_SEARCH_PATHS = "$(inherited) @executable_path/../Frameworks @loader_path/../Frameworks";
				PRODUCT_BUNDLE_IDENTIFIER = kr.blogspot.crowjdh.NicoDownloaderTests;
				PRODUCT_NAME = "$(TARGET_NAME)";
				SWIFT_VERSION = 3.0;
				TEST_HOST = "$(BUILT_PRODUCTS_DIR)/NicoDownloader.app/Contents/MacOS/NicoDownloader";
			};
			name = Release;
		};
/* End XCBuildConfiguration section */

/* Begin XCConfigurationList section */
		5784FDB21E3075AB004BD160 /* Build configuration list for PBXProject "NicoDownloader" */ = {
			isa = XCConfigurationList;
			buildConfigurations = (
				5784FDCF1E3075AC004BD160 /* Debug */,
				5784FDD01E3075AC004BD160 /* Release */,
			);
			defaultConfigurationIsVisible = 0;
			defaultConfigurationName = Release;
		};
		5784FDD11E3075AC004BD160 /* Build configuration list for PBXNativeTarget "NicoDownloader" */ = {
			isa = XCConfigurationList;
			buildConfigurations = (
				5784FDD21E3075AC004BD160 /* Debug */,
				5784FDD31E3075AC004BD160 /* Release */,
			);
			defaultConfigurationIsVisible = 0;
			defaultConfigurationName = Release;
		};
		5784FDD41E3075AC004BD160 /* Build configuration list for PBXNativeTarget "NicoDownloaderTests" */ = {
			isa = XCConfigurationList;
			buildConfigurations = (
				5784FDD51E3075AC004BD160 /* Debug */,
				5784FDD61E3075AC004BD160 /* Release */,
			);
			defaultConfigurationIsVisible = 0;
			defaultConfigurationName = Release;
		};
/* End XCConfigurationList section */
	};
	rootObject = 5784FDAF1E3075AB004BD160 /* Project object */;
}
