PODS:
  - Alamofire (4.9.1)
  - Kanna (5.0.0)
  - KeychainAccess (4.1.0)
  - PromiseKit/Alamofire (6.13.1):
    - Alamofire (~> 4.0)
    - PromiseKit/CorePromise
  - PromiseKit/CorePromise (6.13.1)

DEPENDENCIES:
  - Alamofire (~> 4.3)
  - Kanna (~> 5.0.0)
  - KeychainAccess (~> 4.1)
  - PromiseKit/Alamofire (~> 6.0)

SPEC REPOS:
  trunk:
    - Alamofire
    - Kanna
    - KeychainAccess
    - PromiseKit

SPEC CHECKSUMS:
  Alamofire: 85e8a02c69d6020a0d734f6054870d7ecb75cf18
  Kanna: a32875df62975f8f4b871e933b4ea1a5c3b8be0f
  KeychainAccess: 445e28864fe6d3458b41fa211bcdc39890e8bd5a
  PromiseKit: 28fda91c973cc377875d8c0ea4f973013c05b6db

PODFILE CHECKSUM: 8f8ca4c1b6e99ebf99146112ba7e981cc34c7940

COCOAPODS: 1.8.4
