PODS:
  - Alamofire (4.3.0)
  - Kanna (2.1.1)

DEPENDENCIES:
  - Alamofire (~> 4.3)
  - Kanna (~> 2.1.0)

SPEC CHECKSUMS:
  Alamofire: 856a113053a7bc9cbe5d6367a555d773fc5cfef7
  Kanna: 9b4b086c218703f2b94f5b21a466217dd2f9332e

PODFILE CHECKSUM: ed535f0d8d4d9b5d7102e02d6ed6bdd7c562d9b6

COCOAPODS: 1.1.1
